<?xml version="1.0" encoding="utf-8"?>
<Project ToolsVersion="4.0" xmlns="http://schemas.microsoft.com/developer/msbuild/2003">
  <ItemGroup>
    <Filter Include="Common">
      <UniqueIdentifier>{0bc27fa8-afac-4a02-8354-f8ac7e3056e0}</UniqueIdentifier>
    </Filter>
    <Filter Include="High Level Interface">
      <UniqueIdentifier>{ef2cc17f-dc8c-4713-acb5-11a43c435929}</UniqueIdentifier>
    </Filter>
    <Filter Include="Graphics">
      <UniqueIdentifier>{84407bf0-b431-49e7-b0cd-167e818415ab}</UniqueIdentifier>
    </Filter>
    <Filter Include="Common\Math">
      <UniqueIdentifier>{8f5edaa5-ad5d-423a-bc41-5e68a8621da5}</UniqueIdentifier>
    </Filter>
    <Filter Include="Resource">
      <UniqueIdentifier>{767d4264-e56a-430c-8c2d-f49d85c35b59}</UniqueIdentifier>
    </Filter>
    <Filter Include="Time">
      <UniqueIdentifier>{d5cea299-11de-49f8-9c0c-c110056dd303}</UniqueIdentifier>
    </Filter>
    <Filter Include="Input">
      <UniqueIdentifier>{cd4b9eba-c6cf-46a9-a814-89a620c95213}</UniqueIdentifier>
    </Filter>
    <Filter Include="Renderer">
      <UniqueIdentifier>{f2d38e5b-5248-43e0-b712-e484a165f414}</UniqueIdentifier>
    </Filter>
    <Filter Include="Scene">
      <UniqueIdentifier>{976687b1-0493-449e-87e3-f6bf27d49c71}</UniqueIdentifier>
    </Filter>
    <Filter Include="GameObject">
      <UniqueIdentifier>{68d11966-8044-4e2a-abef-cc0a1a1642f3}</UniqueIdentifier>
    </Filter>
    <Filter Include="Resource\Mesh">
      <UniqueIdentifier>{5ddde7d6-5dbf-4474-8ff2-f014eaefe47e}</UniqueIdentifier>
    </Filter>
    <Filter Include="Resource\Shader">
      <UniqueIdentifier>{f6d54454-faa4-4b11-8592-0408c79bef47}</UniqueIdentifier>
    </Filter>
    <Filter Include="Resource\Manager">
      <UniqueIdentifier>{566c056d-bc1c-4a66-9874-1eb8b38721ee}</UniqueIdentifier>
    </Filter>
    <Filter Include="Component">
      <UniqueIdentifier>{d54e1d46-871f-40f8-ad58-0a2d4ec246e6}</UniqueIdentifier>
    </Filter>
    <Filter Include="Resource\Material">
      <UniqueIdentifier>{b120460a-4944-428f-b9a0-e7253c288eab}</UniqueIdentifier>
    </Filter>
    <Filter Include="Resource\Texture">
      <UniqueIdentifier>{2e19c4b5-25ef-434b-bb7c-23ab21873a44}</UniqueIdentifier>
    </Filter>
    <Filter Include="Component\Renderer">
      <UniqueIdentifier>{ed00d7e1-46f9-481e-af98-7ea4ce3adf26}</UniqueIdentifier>
    </Filter>
    <Filter Include="Component\Script">
      <UniqueIdentifier>{7995749b-a597-4b29-b3be-61d945aab958}</UniqueIdentifier>
    </Filter>
    <Filter Include="Component\Transform">
      <UniqueIdentifier>{7d59c778-f068-46ca-b13d-be33f9bc8c9c}</UniqueIdentifier>
    </Filter>
    <Filter Include="Component\Camera">
      <UniqueIdentifier>{7f276426-3008-40fa-9275-dcf7a3d92304}</UniqueIdentifier>
    </Filter>
    <Filter Include="Scene\Layer">
      <UniqueIdentifier>{20409a09-0b29-4d65-8eed-1f1be9c5a111}</UniqueIdentifier>
    </Filter>
    <Filter Include="Scene\Manager">
      <UniqueIdentifier>{befc162b-1a6d-4cfe-b60d-f2dc951eca29}</UniqueIdentifier>
    </Filter>
    <Filter Include="Scene\Base">
      <UniqueIdentifier>{fd348f72-8fbb-4714-a4a9-3acf305cfc41}</UniqueIdentifier>
    </Filter>
    <Filter Include="Resource\Script">
      <UniqueIdentifier>{1153f2f7-347f-43b3-a4f7-8958eccb1b4c}</UniqueIdentifier>
    </Filter>
    <Filter Include="Resource\Prefab">
      <UniqueIdentifier>{77ca9c42-7c53-4406-8ecb-5c809e193df0}</UniqueIdentifier>
    </Filter>
    <Filter Include="Component\Collider">
      <UniqueIdentifier>{f9372d82-819c-46c2-b832-414ad7a71ccc}</UniqueIdentifier>
    </Filter>
    <Filter Include="Component\Collider\2D">
      <UniqueIdentifier>{c641becf-e227-49f1-910d-cfe18b7c788f}</UniqueIdentifier>
    </Filter>
    <Filter Include="Component\Collider\3D">
      <UniqueIdentifier>{c0d79fff-63c2-47f5-b2ee-5d8736101f41}</UniqueIdentifier>
    </Filter>
    <Filter Include="Component\Collider\Manager">
      <UniqueIdentifier>{5fe6431f-4eed-4bc3-9ee7-6dbab6bc9431}</UniqueIdentifier>
    </Filter>
    <Filter Include="Component\Animator">
      <UniqueIdentifier>{6f17e43b-ccfb-47e0-865e-c8a4acbc5389}</UniqueIdentifier>
    </Filter>
    <Filter Include="Scene\Title">
      <UniqueIdentifier>{64ecdaff-40d5-4b82-a3f3-49e95ccc46b4}</UniqueIdentifier>
    </Filter>
    <Filter Include="Scene\CharacterSelect">
      <UniqueIdentifier>{0ad8685c-d3ff-4870-80d3-a8ea55892e93}</UniqueIdentifier>
    </Filter>
    <Filter Include="Scene\Stage1">
      <UniqueIdentifier>{dcdc3ab3-371c-492e-b78d-7699409574ac}</UniqueIdentifier>
    </Filter>
    <Filter Include="Component\Script\Player">
      <UniqueIdentifier>{5c845604-1588-43e9-b6b5-c3d054968741}</UniqueIdentifier>
    </Filter>
    <Filter Include="Component\Script\Monster">
      <UniqueIdentifier>{b03a0529-4c1b-483e-ac02-82542e97d9a5}</UniqueIdentifier>
    </Filter>
    <Filter Include="Component\Script\CharacterSelect">
      <UniqueIdentifier>{e447bd11-a99f-4e9f-939e-d63af0f2bc44}</UniqueIdentifier>
    </Filter>
    <Filter Include="Component\Light">
      <UniqueIdentifier>{75880bbd-c371-4a66-b861-ffccfdf99beb}</UniqueIdentifier>
    </Filter>
    <Filter Include="Component\Rigidbody">
      <UniqueIdentifier>{da5d8b05-77fd-4075-bd84-ec39235f6701}</UniqueIdentifier>
    </Filter>
    <Filter Include="Graphics\Buffer">
      <UniqueIdentifier>{c7f25cf2-3e2d-464c-8aae-40c5835e0e1b}</UniqueIdentifier>
    </Filter>
    <Filter Include="Component\Script\Map">
      <UniqueIdentifier>{e3a64ed8-c910-4bdd-925c-6049528defbc}</UniqueIdentifier>
    </Filter>
    <Filter Include="Graphics\API">
      <UniqueIdentifier>{827ef6d9-7b0a-4949-9025-1cf5f8c3145d}</UniqueIdentifier>
    </Filter>
    <Filter Include="Component\Script\Player\Body">
      <UniqueIdentifier>{1a56fa4f-0352-4a79-b401-e67efee68591}</UniqueIdentifier>
    </Filter>
    <Filter Include="Component\Script\Player\Head">
      <UniqueIdentifier>{4ac7cc98-2a86-43d5-9fe8-6ba5c4b23c62}</UniqueIdentifier>
    </Filter>
    <Filter Include="Component\Script\MachineGun">
      <UniqueIdentifier>{429072b9-39ff-4bf8-b502-8dedda7650dd}</UniqueIdentifier>
    </Filter>
    <Filter Include="Component\ParticleSystem">
      <UniqueIdentifier>{c8614464-08ac-446f-b2dd-d79a8e861d37}</UniqueIdentifier>
    </Filter>
    <Filter Include="Component\Shader">
      <UniqueIdentifier>{2ef2a40d-089b-4268-8761-c5294316cd90}</UniqueIdentifier>
    </Filter>
    <Filter Include="Component\Script\Helicopter">
      <UniqueIdentifier>{9f12889e-aa34-43f3-b812-0ed2fd113ebb}</UniqueIdentifier>
    </Filter>
    <Filter Include="Component\Script\MosqueArtillery">
      <UniqueIdentifier>{b7468644-d590-4697-be69-6771a3aae82a}</UniqueIdentifier>
    </Filter>
    <Filter Include="Component\Script\Camera">
      <UniqueIdentifier>{33b49647-a7fd-4754-9270-59ae03c8e409}</UniqueIdentifier>
    </Filter>
    <Filter Include="Component\Script\Base">
      <UniqueIdentifier>{99e0a121-cb05-4fef-a6db-7c16c1fb342d}</UniqueIdentifier>
    </Filter>
    <Filter Include="Component\Script\FadeInOut">
      <UniqueIdentifier>{2338aeba-4404-4353-ae9f-86321019a749}</UniqueIdentifier>
    </Filter>
    <Filter Include="Component\Script\Arabian">
      <UniqueIdentifier>{af48efa5-f7c4-401f-bc49-229141716f26}</UniqueIdentifier>
    </Filter>
    <Filter Include="Component\Script\Player\Bomb">
      <UniqueIdentifier>{15caf18c-4441-4530-a55c-8d08e8a16fea}</UniqueIdentifier>
    </Filter>
    <Filter Include="Component\Script\Arabian\Knife">
      <UniqueIdentifier>{d4e8e302-32a2-4649-94d8-0a0dc5dba5eb}</UniqueIdentifier>
    </Filter>
    <Filter Include="Component\Script\Player\Bullet">
      <UniqueIdentifier>{cf5d5b92-0309-4d29-b244-f4059f86744f}</UniqueIdentifier>
    </Filter>
    <Filter Include="Component\Script\Player\Parachute">
      <UniqueIdentifier>{3fb333f8-2bf4-4f8e-b027-965177a5eb2a}</UniqueIdentifier>
    </Filter>
    <Filter Include="Component\Script\MosqueArtillery\Base">
      <UniqueIdentifier>{8521c178-a229-4dd8-b6cf-ec07094fc403}</UniqueIdentifier>
    </Filter>
    <Filter Include="Component\Script\MosqueArtillery\HeadLeft">
      <UniqueIdentifier>{f3dfc218-8c6b-431a-bb67-deb5c6751d93}</UniqueIdentifier>
    </Filter>
    <Filter Include="Component\Script\MosqueArtillery\HeadCenter">
      <UniqueIdentifier>{c339b5d7-4de2-4ef9-9eba-b9629e554c80}</UniqueIdentifier>
    </Filter>
    <Filter Include="Component\Script\MosqueArtillery\HeadRight">
      <UniqueIdentifier>{9dd6fd50-8be7-46af-8d72-562c153b2410}</UniqueIdentifier>
    </Filter>
    <Filter Include="Component\Script\MosqueArtillery\Bullet">
      <UniqueIdentifier>{9be6e9a5-68e0-4cff-9899-68c285a95e78}</UniqueIdentifier>
    </Filter>
  </ItemGroup>
  <ItemGroup>
    <ClCompile Include="yaApplication.cpp">
      <Filter>High Level Interface</Filter>
    </ClCompile>
    <ClCompile Include="yaMath.cpp">
      <Filter>Common\Math</Filter>
    </ClCompile>
    <ClCompile Include="yaTime.cpp">
      <Filter>Time</Filter>
    </ClCompile>
    <ClCompile Include="yaInput.cpp">
      <Filter>Input</Filter>
    </ClCompile>
    <ClCompile Include="yaEntity.cpp">
      <Filter>Common</Filter>
    </ClCompile>
    <ClCompile Include="yaResource.cpp">
      <Filter>Resource</Filter>
    </ClCompile>
    <ClCompile Include="yaRenderer.cpp">
      <Filter>Renderer</Filter>
    </ClCompile>
    <ClCompile Include="yaGameObject.cpp">
      <Filter>GameObject</Filter>
    </ClCompile>
    <ClCompile Include="yaMesh.cpp">
      <Filter>Resource\Mesh</Filter>
    </ClCompile>
    <ClCompile Include="yaShader.cpp">
      <Filter>Resource\Shader</Filter>
    </ClCompile>
    <ClCompile Include="yaResources.cpp">
      <Filter>Resource\Manager</Filter>
    </ClCompile>
    <ClCompile Include="yaComponent.cpp">
      <Filter>Component</Filter>
    </ClCompile>
    <ClCompile Include="yaMaterial.cpp">
      <Filter>Resource\Material</Filter>
    </ClCompile>
    <ClCompile Include="yaTexture.cpp">
      <Filter>Resource\Texture</Filter>
    </ClCompile>
    <ClCompile Include="yaMeshRenderer.cpp">
      <Filter>Component\Renderer</Filter>
    </ClCompile>
    <ClCompile Include="yaTransform.cpp">
      <Filter>Component\Transform</Filter>
    </ClCompile>
    <ClCompile Include="yaCamera.cpp">
      <Filter>Component\Camera</Filter>
    </ClCompile>
    <ClCompile Include="yaSpriteRenderer.cpp">
      <Filter>Component\Renderer</Filter>
    </ClCompile>
    <ClCompile Include="yaLayer.cpp">
      <Filter>Scene\Layer</Filter>
    </ClCompile>
    <ClCompile Include="yaScene.cpp">
      <Filter>Scene\Base</Filter>
    </ClCompile>
    <ClCompile Include="yaSceneManager.cpp">
      <Filter>Scene\Manager</Filter>
    </ClCompile>
    <ClCompile Include="yaBaseRenderer.cpp">
      <Filter>Renderer</Filter>
    </ClCompile>
    <ClCompile Include="yaGridScript.cpp">
      <Filter>Resource\Script</Filter>
    </ClCompile>
    <ClCompile Include="yaPrefab.cpp">
      <Filter>Resource\Prefab</Filter>
    </ClCompile>
    <ClCompile Include="yaCollider.cpp">
      <Filter>Component\Collider</Filter>
    </ClCompile>
    <ClCompile Include="yaCollider2D.cpp">
      <Filter>Component\Collider\2D</Filter>
    </ClCompile>
    <ClCompile Include="yaCollider3D.cpp">
      <Filter>Component\Collider\3D</Filter>
    </ClCompile>
    <ClCompile Include="yaCollisionManager.cpp">
      <Filter>Component\Collider\Manager</Filter>
    </ClCompile>
    <ClCompile Include="yaAnimation.cpp">
      <Filter>Component\Animator</Filter>
    </ClCompile>
    <ClCompile Include="yaAnimator.cpp">
      <Filter>Component\Animator</Filter>
    </ClCompile>
    <ClCompile Include="yaTitleScene.cpp">
      <Filter>Scene\Title</Filter>
    </ClCompile>
    <ClCompile Include="yaCharacterSelectScene.cpp">
      <Filter>Scene\CharacterSelect</Filter>
    </ClCompile>
    <ClCompile Include="yaStage1Scene.cpp">
      <Filter>Scene\Stage1</Filter>
    </ClCompile>
    <ClCompile Include="yaMonster.cpp">
      <Filter>Component\Script\Monster</Filter>
    </ClCompile>
    <ClCompile Include="yaCharacterSelect.cpp">
      <Filter>Component\Script\CharacterSelect</Filter>
    </ClCompile>
    <ClCompile Include="yaLight.cpp">
      <Filter>Component\Light</Filter>
    </ClCompile>
    <ClCompile Include="yaRigidbody.cpp">
      <Filter>Component\Rigidbody</Filter>
    </ClCompile>
    <ClCompile Include="yaConstantBuffer.cpp">
      <Filter>Graphics\Buffer</Filter>
    </ClCompile>
    <ClCompile Include="yaStructedBuffer.cpp">
      <Filter>Graphics\Buffer</Filter>
    </ClCompile>
    <ClCompile Include="yaMapScript.cpp">
      <Filter>Component\Script\Map</Filter>
    </ClCompile>
    <ClCompile Include="yaGraphicDevice_DX11.cpp">
      <Filter>Graphics\API</Filter>
    </ClCompile>
    <ClCompile Include="yaBullet.cpp">
      <Filter>Component\Script\Player\Bullet</Filter>
    </ClCompile>
    <ClCompile Include="yaBody.cpp">
      <Filter>Component\Script\Player\Body</Filter>
    </ClCompile>
    <ClCompile Include="yaBodyScript.cpp">
      <Filter>Component\Script\Player\Body</Filter>
    </ClCompile>
    <ClCompile Include="yaHeadScript.cpp">
      <Filter>Component\Script\Player\Head</Filter>
    </ClCompile>
    <ClCompile Include="yaPlayer.cpp">
      <Filter>Component\Script\Player\Head</Filter>
    </ClCompile>
    <ClCompile Include="yaBulletScript.cpp">
      <Filter>Component\Script\Player\Bullet</Filter>
    </ClCompile>
    <ClCompile Include="yaObjectPool.cpp">
      <Filter>GameObject</Filter>
    </ClCompile>
    <ClCompile Include="yaMachineGun.cpp">
      <Filter>Component\Script\MachineGun</Filter>
    </ClCompile>
    <ClCompile Include="yaMachineGunScript.cpp">
      <Filter>Component\Script\MachineGun</Filter>
    </ClCompile>
    <ClCompile Include="yaParticleSystem.cpp">
      <Filter>Component\ParticleSystem</Filter>
    </ClCompile>
    <ClCompile Include="yaComputeShader.cpp">
      <Filter>Component\Shader</Filter>
    </ClCompile>
    <ClCompile Include="yaPaintShader.cpp">
      <Filter>Component\Shader</Filter>
    </ClCompile>
    <ClCompile Include="yaParticleShader.cpp">
      <Filter>Component\Shader</Filter>
    </ClCompile>
    <ClCompile Include="yaBomb.cpp">
      <Filter>Component\Script\Player\Bomb</Filter>
    </ClCompile>
    <ClCompile Include="yaBombScript.cpp">
      <Filter>Component\Script\Player\Bomb</Filter>
    </ClCompile>
    <ClCompile Include="yaHelicopter.cpp">
      <Filter>Component\Script\Helicopter</Filter>
    </ClCompile>
    <ClCompile Include="yaHelicopterScript.cpp">
      <Filter>Component\Script\Helicopter</Filter>
    </ClCompile>
    <ClCompile Include="yaScript.cpp">
      <Filter>Component\Script\Base</Filter>
    </ClCompile>
    <ClCompile Include="yaCameraScript.cpp">
      <Filter>Component\Script\Camera</Filter>
    </ClCompile>
    <ClCompile Include="yaFadeInOutScript.cpp">
      <Filter>Component\Script\FadeInOut</Filter>
    </ClCompile>
    <ClCompile Include="yaArabian.cpp">
      <Filter>Component\Script\Arabian</Filter>
    </ClCompile>
    <ClCompile Include="yaArabianScript.cpp">
      <Filter>Component\Script\Arabian</Filter>
    </ClCompile>
    <ClCompile Include="yaArabianKnife.cpp">
      <Filter>Component\Script\Arabian\Knife</Filter>
    </ClCompile>
    <ClCompile Include="yaArabianKnifeScript.cpp">
      <Filter>Component\Script\Arabian\Knife</Filter>
    </ClCompile>
    <ClCompile Include="yaParachute.cpp">
      <Filter>Component\Script\Player\Parachute</Filter>
    </ClCompile>
    <ClCompile Include="yaParachuteScript.cpp">
      <Filter>Component\Script\Player\Parachute</Filter>
    </ClCompile>
    <ClCompile Include="yaMosqueArtillery.cpp">
      <Filter>Component\Script\MosqueArtillery\Base</Filter>
    </ClCompile>
    <ClCompile Include="yaMosqueArtilleryScript.cpp">
      <Filter>Component\Script\MosqueArtillery\Base</Filter>
    </ClCompile>
    <ClCompile Include="yaMosqueArtilleryeHeadCenter.cpp">
      <Filter>Component\Script\MosqueArtillery\HeadCenter</Filter>
    </ClCompile>
    <ClCompile Include="yaMosqueArtilleryeHeadCenterScript.cpp">
      <Filter>Component\Script\MosqueArtillery\HeadCenter</Filter>
    </ClCompile>
    <ClCompile Include="yaMosqueArtilleryeHeadLeft.cpp">
      <Filter>Component\Script\MosqueArtillery\HeadLeft</Filter>
    </ClCompile>
    <ClCompile Include="yaMosqueArtilleryeHeadLeftScript.cpp">
      <Filter>Component\Script\MosqueArtillery\HeadLeft</Filter>
    </ClCompile>
    <ClCompile Include="yaMosqueArtilleryeHeadRight.cpp">
      <Filter>Component\Script\MosqueArtillery\HeadRight</Filter>
    </ClCompile>
    <ClCompile Include="yaMosqueArtilleryeHeadRightScript.cpp">
      <Filter>Component\Script\MosqueArtillery\HeadRight</Filter>
    </ClCompile>
    <ClCompile Include="yaMosqueArtilleryBullet.cpp">
      <Filter>Component\Script\MosqueArtillery\Bullet</Filter>
    </ClCompile>
    <ClCompile Include="yaMosqueArtilleryBulletScript.cpp">
      <Filter>Component\Script\MosqueArtillery\Bullet</Filter>
    </ClCompile>
  </ItemGroup>
  <ItemGroup>
    <ClInclude Include="CommonInclude.h">
      <Filter>Common</Filter>
    </ClInclude>
    <ClInclude Include="yaApplication.h">
      <Filter>High Level Interface</Filter>
    </ClInclude>
    <ClInclude Include="yaMath.h">
      <Filter>Common\Math</Filter>
    </ClInclude>
    <ClInclude Include="yaTime.h">
      <Filter>Time</Filter>
    </ClInclude>
    <ClInclude Include="yaInput.h">
      <Filter>Input</Filter>
    </ClInclude>
    <ClInclude Include="yaEntity.h">
      <Filter>Common</Filter>
    </ClInclude>
    <ClInclude Include="yaResource.h">
      <Filter>Resource</Filter>
    </ClInclude>
    <ClInclude Include="yaGraphics.h">
      <Filter>Graphics</Filter>
    </ClInclude>
    <ClInclude Include="yaEngine.h">
      <Filter>Common</Filter>
    </ClInclude>
    <ClInclude Include="yaEnums.h">
      <Filter>Common</Filter>
    </ClInclude>
    <ClInclude Include="yaRenderer.h">
      <Filter>Renderer</Filter>
    </ClInclude>
    <ClInclude Include="yaGameObject.h">
      <Filter>GameObject</Filter>
    </ClInclude>
    <ClInclude Include="yaMesh.h">
      <Filter>Resource\Mesh</Filter>
    </ClInclude>
    <ClInclude Include="yaShader.h">
      <Filter>Resource\Shader</Filter>
    </ClInclude>
    <ClInclude Include="yaResources.h">
      <Filter>Resource\Manager</Filter>
    </ClInclude>
    <ClInclude Include="yaComponent.h">
      <Filter>Component</Filter>
    </ClInclude>
    <ClInclude Include="yaMaterial.h">
      <Filter>Resource\Material</Filter>
    </ClInclude>
    <ClInclude Include="yaTexture.h">
      <Filter>Resource\Texture</Filter>
    </ClInclude>
    <ClInclude Include="yaMeshRenderer.h">
      <Filter>Component\Renderer</Filter>
    </ClInclude>
    <ClInclude Include="yaTransform.h">
      <Filter>Component\Transform</Filter>
    </ClInclude>
    <ClInclude Include="yaCamera.h">
      <Filter>Component\Camera</Filter>
    </ClInclude>
    <ClInclude Include="yaSpriteRenderer.h">
      <Filter>Component\Renderer</Filter>
    </ClInclude>
    <ClInclude Include="yaObject.h">
      <Filter>GameObject</Filter>
    </ClInclude>
    <ClInclude Include="yaLayer.h">
      <Filter>Scene\Layer</Filter>
    </ClInclude>
    <ClInclude Include="yaScene.h">
      <Filter>Scene\Base</Filter>
    </ClInclude>
    <ClInclude Include="yaSceneManager.h">
      <Filter>Scene\Manager</Filter>
    </ClInclude>
    <ClInclude Include="yaBaseRenderer.h">
      <Filter>Renderer</Filter>
    </ClInclude>
    <ClInclude Include="yaGridScript.h">
      <Filter>Resource\Script</Filter>
    </ClInclude>
    <ClInclude Include="yaPrefab.h">
      <Filter>Resource\Prefab</Filter>
    </ClInclude>
    <ClInclude Include="yaCollider.h">
      <Filter>Component\Collider</Filter>
    </ClInclude>
    <ClInclude Include="yaCollider2D.h">
      <Filter>Component\Collider\2D</Filter>
    </ClInclude>
    <ClInclude Include="yaCollider3D.h">
      <Filter>Component\Collider\3D</Filter>
    </ClInclude>
    <ClInclude Include="yaCollisionManager.h">
      <Filter>Component\Collider\Manager</Filter>
    </ClInclude>
    <ClInclude Include="yaAnimator.h">
      <Filter>Component\Animator</Filter>
    </ClInclude>
    <ClInclude Include="yaAnimation.h">
      <Filter>Component\Animator</Filter>
    </ClInclude>
    <ClInclude Include="yaTitleScene.h">
      <Filter>Scene\Title</Filter>
    </ClInclude>
    <ClInclude Include="yaCharacterSelectScene.h">
      <Filter>Scene\CharacterSelect</Filter>
    </ClInclude>
    <ClInclude Include="yaStage1Scene.h">
      <Filter>Scene\Stage1</Filter>
    </ClInclude>
    <ClInclude Include="yaMonster.h">
      <Filter>Component\Script\Monster</Filter>
    </ClInclude>
    <ClInclude Include="yaCharacterSelect.h">
      <Filter>Component\Script\CharacterSelect</Filter>
    </ClInclude>
    <ClInclude Include="yaLight.h">
      <Filter>Component\Light</Filter>
    </ClInclude>
    <ClInclude Include="yaRigidbody.h">
      <Filter>Component\Rigidbody</Filter>
    </ClInclude>
    <ClInclude Include="yaConstantBuffer.h">
      <Filter>Graphics\Buffer</Filter>
    </ClInclude>
    <ClInclude Include="yaStructedBuffer.h">
      <Filter>Graphics\Buffer</Filter>
    </ClInclude>
    <ClInclude Include="yaMapScript.h">
      <Filter>Component\Script\Map</Filter>
    </ClInclude>
    <ClInclude Include="yaGraphicDevice_DX11.h">
      <Filter>Graphics\API</Filter>
    </ClInclude>
    <ClInclude Include="yaBullet.h">
      <Filter>Component\Script\Player\Bullet</Filter>
    </ClInclude>
    <ClInclude Include="yaBody.h">
      <Filter>Component\Script\Player\Body</Filter>
    </ClInclude>
    <ClInclude Include="yaBodyScript.h">
      <Filter>Component\Script\Player\Body</Filter>
    </ClInclude>
    <ClInclude Include="yaHeadScript.h">
      <Filter>Component\Script\Player\Head</Filter>
    </ClInclude>
    <ClInclude Include="yaPlayer.h">
      <Filter>Component\Script\Player\Head</Filter>
    </ClInclude>
    <ClInclude Include="yaBulletScript.h">
      <Filter>Component\Script\Player\Bullet</Filter>
    </ClInclude>
    <ClInclude Include="yaObjectPool.h">
      <Filter>GameObject</Filter>
    </ClInclude>
    <ClInclude Include="yaMachineGun.h">
      <Filter>Component\Script\MachineGun</Filter>
    </ClInclude>
    <ClInclude Include="yaMachineGunScript.h">
      <Filter>Component\Script\MachineGun</Filter>
    </ClInclude>
    <ClInclude Include="yaParticleSystem.h">
      <Filter>Component\ParticleSystem</Filter>
    </ClInclude>
    <ClInclude Include="yaComputeShader.h">
      <Filter>Component\Shader</Filter>
    </ClInclude>
    <ClInclude Include="yaPaintShader.h">
      <Filter>Component\Shader</Filter>
    </ClInclude>
    <ClInclude Include="yaParticleShader.h">
      <Filter>Component\Shader</Filter>
    </ClInclude>
    <ClInclude Include="yaBomb.h">
      <Filter>Component\Script\Player\Bomb</Filter>
    </ClInclude>
    <ClInclude Include="yaBombScript.h">
      <Filter>Component\Script\Player\Bomb</Filter>
    </ClInclude>
    <ClInclude Include="yaHelicopterScript.h">
      <Filter>Component\Script\Helicopter</Filter>
    </ClInclude>
    <ClInclude Include="yaHelicopter.h">
      <Filter>Component\Script\Helicopter</Filter>
    </ClInclude>
    <ClInclude Include="yaScript.h">
      <Filter>Component\Script\Base</Filter>
    </ClInclude>
    <ClInclude Include="yaCameraScript.h">
      <Filter>Component\Script\Camera</Filter>
    </ClInclude>
    <ClInclude Include="yaFadeInOutScript.h">
      <Filter>Component\Script\FadeInOut</Filter>
    </ClInclude>
    <ClInclude Include="yaArabian.h">
      <Filter>Component\Script\Arabian</Filter>
    </ClInclude>
    <ClInclude Include="yaArabianScript.h">
      <Filter>Component\Script\Arabian</Filter>
    </ClInclude>
    <ClInclude Include="yaArabianKnife.h">
      <Filter>Component\Script\Arabian\Knife</Filter>
    </ClInclude>
    <ClInclude Include="yaArabianKnifeScript.h">
      <Filter>Component\Script\Arabian\Knife</Filter>
    </ClInclude>
    <ClInclude Include="yaParachuteScript.h">
      <Filter>Component\Script\Player\Parachute</Filter>
    </ClInclude>
    <ClInclude Include="yaParachute.h">
      <Filter>Component\Script\Player\Parachute</Filter>
    </ClInclude>
    <ClInclude Include="yaMosqueArtillery.h">
      <Filter>Component\Script\MosqueArtillery\Base</Filter>
    </ClInclude>
    <ClInclude Include="yaMosqueArtilleryScript.h">
      <Filter>Component\Script\MosqueArtillery\Base</Filter>
    </ClInclude>
    <ClInclude Include="yaMosqueArtilleryeHeadCenter.h">
      <Filter>Component\Script\MosqueArtillery\HeadCenter</Filter>
    </ClInclude>
    <ClInclude Include="yaMosqueArtilleryeHeadCenterScript.h">
      <Filter>Component\Script\MosqueArtillery\HeadCenter</Filter>
    </ClInclude>
    <ClInclude Include="yaMosqueArtilleryeHeadLeft.h">
      <Filter>Component\Script\MosqueArtillery\HeadLeft</Filter>
    </ClInclude>
    <ClInclude Include="yaMosqueArtilleryeHeadLeftScript.h">
      <Filter>Component\Script\MosqueArtillery\HeadLeft</Filter>
    </ClInclude>
    <ClInclude Include="yaMosqueArtilleryeHeadRight.h">
      <Filter>Component\Script\MosqueArtillery\HeadRight</Filter>
    </ClInclude>
    <ClInclude Include="yaMosqueArtilleryeHeadRightScript.h">
      <Filter>Component\Script\MosqueArtillery\HeadRight</Filter>
    </ClInclude>
    <ClInclude Include="yaMosqueArtilleryBullet.h">
      <Filter>Component\Script\MosqueArtillery\Bullet</Filter>
    </ClInclude>
    <ClInclude Include="yaMosqueArtilleryBulletScript.h">
      <Filter>Component\Script\MosqueArtillery\Bullet</Filter>
    </ClInclude>
  </ItemGroup>
  <ItemGroup>
    <None Include="yaMath.inl">
      <Filter>Common\Math</Filter>
    </None>
  </ItemGroup>
</Project>